
Microsoft Visual Studio Solution File, Format Version 12.00
# Visual Studio Version 17
VisualStudioVersion = 17.6.33829.357
MinimumVisualStudioVersion = 10.0.40219.1
Project("{FAE04EC0-301F-11D3-BF4B-00C04F79EFBC}") = "ASPNETMVC3TDK", "ASPNETMVC3TDK\ASPNETMVC3TDK.csproj", "{2DC5FC0C-9911-47D7-883B-8744230B4D6C}"
EndProject
Project("{FAE04EC0-301F-11D3-BF4B-00C04F79EFBC}") = "ASPNETMVC3TDKTEST", "ASPNETMVC3TDKTEST\ASPNETMVC3TDKTEST.csproj", "{E92E101D-07F7-4911-976E-8EC05A0F5926}"
EndProject
Global
	GlobalSection(SolutionConfigurationPlatforms) = preSolution
		Debug|Any CPU = Debug|Any CPU
		Release|Any CPU = Release|Any CPU
	EndGlobalSection
	GlobalSection(ProjectConfigurationPlatforms) = postSolution
		{2DC5FC0C-9911-47D7-883B-8744230B4D6C}.Debug|Any CPU.ActiveCfg = Debug|Any CPU
		{2DC5FC0C-9911-47D7-883B-8744230B4D6C}.Debug|Any CPU.Build.0 = Debug|Any CPU
		{2DC5FC0C-9911-47D7-883B-8744230B4D6C}.Release|Any CPU.ActiveCfg = Release|Any CPU
		{2DC5FC0C-9911-47D7-883B-8744230B4D6C}.Release|Any CPU.Build.0 = Release|Any CPU
		{E92E101D-07F7-4911-976E-8EC05A0F5926}.Debug|Any CPU.ActiveCfg = Debug|Any CPU
		{E92E101D-07F7-4911-976E-8EC05A0F5926}.Debug|Any CPU.Build.0 = Debug|Any CPU
		{E92E101D-07F7-4911-976E-8EC05A0F5926}.Release|Any CPU.ActiveCfg = Release|Any CPU
		{E92E101D-07F7-4911-976E-8EC05A0F5926}.Release|Any CPU.Build.0 = Release|Any CPU
	EndGlobalSection
	GlobalSection(SolutionProperties) = preSolution
		HideSolutionNode = FALSE
	EndGlobalSection
	GlobalSection(ExtensibilityGlobals) = postSolution
		SolutionGuid = {457B09EB-C2A1-440D-B569-BFC67981DCD6}
	EndGlobalSection
EndGlobal
